
Microsoft Visual Studio Solution File, Format Version 12.00
# Visual Studio 15
VisualStudioVersion = 15.0.28307.168
MinimumVisualStudioVersion = 10.0.40219.1
Project("{FAE04EC0-301F-11D3-BF4B-00C04F79EFBC}") = "TouchpadClient", "TouchpadClient\TouchpadClient.csproj", "{EEEEFFAF-D444-4964-A6DF-FCAC5C69FBE0}"
EndProject
Global
	GlobalSection(SolutionConfigurationPlatforms) = preSolution
		Debug|Any CPU = Debug|Any CPU
		Release|Any CPU = Release|Any CPU
	EndGlobalSection
	GlobalSection(ProjectConfigurationPlatforms) = postSolution
		{EEEEFFAF-D444-4964-A6DF-FCAC5C69FBE0}.Debug|Any CPU.ActiveCfg = Debug|Any CPU
		{EEEEFFAF-D444-4964-A6DF-FCAC5C69FBE0}.Debug|Any CPU.Build.0 = Debug|Any CPU
		{EEEEFFAF-D444-4964-A6DF-FCAC5C69FBE0}.Release|Any CPU.ActiveCfg = Release|Any CPU
		{EEEEFFAF-D444-4964-A6DF-FCAC5C69FBE0}.Release|Any CPU.Build.0 = Release|Any CPU
	EndGlobalSection
	GlobalSection(SolutionProperties) = preSolution
		HideSolutionNode = FALSE
	EndGlobalSection
	GlobalSection(ExtensibilityGlobals) = postSolution
		SolutionGuid = {8CF8A6A7-A90D-484C-9F1B-7AC8625B3B12}
	EndGlobalSection
EndGlobal
